
Microsoft Visual Studio Solution File, Format Version 12.00
# Visual Studio Version 17
VisualStudioVersion = 17.12.35527.113
MinimumVisualStudioVersion = 10.0.40219.1
Project("{FAE04EC0-301F-11D3-BF4B-00C04F79EFBC}") = "APNPromise", "APNPromise\APNPromise.csproj", "{7FB89421-3971-4D4D-9531-3A8623D412CE}"
EndProject
Project("{FAE04EC0-301F-11D3-BF4B-00C04F79EFBC}") = "APNPromiseTests", "APNPromiseTests\APNPromiseTests.csproj", "{30DB3C23-B70A-44CC-A8D8-B0E0659A4C16}"
EndProject
Global
	GlobalSection(SolutionConfigurationPlatforms) = preSolution
		Debug|Any CPU = Debug|Any CPU
		Release|Any CPU = Release|Any CPU
	EndGlobalSection
	GlobalSection(ProjectConfigurationPlatforms) = postSolution
		{7FB89421-3971-4D4D-9531-3A8623D412CE}.Debug|Any CPU.ActiveCfg = Debug|Any CPU
		{7FB89421-3971-4D4D-9531-3A8623D412CE}.Debug|Any CPU.Build.0 = Debug|Any CPU
		{7FB89421-3971-4D4D-9531-3A8623D412CE}.Release|Any CPU.ActiveCfg = Release|Any CPU
		{7FB89421-3971-4D4D-9531-3A8623D412CE}.Release|Any CPU.Build.0 = Release|Any CPU
		{30DB3C23-B70A-44CC-A8D8-B0E0659A4C16}.Debug|Any CPU.ActiveCfg = Debug|Any CPU
		{30DB3C23-B70A-44CC-A8D8-B0E0659A4C16}.Debug|Any CPU.Build.0 = Debug|Any CPU
		{30DB3C23-B70A-44CC-A8D8-B0E0659A4C16}.Release|Any CPU.ActiveCfg = Release|Any CPU
		{30DB3C23-B70A-44CC-A8D8-B0E0659A4C16}.Release|Any CPU.Build.0 = Release|Any CPU
	EndGlobalSection
	GlobalSection(SolutionProperties) = preSolution
		HideSolutionNode = FALSE
	EndGlobalSection
EndGlobal
